
Microsoft Visual Studio Solution File, Format Version 12.00
# Visual Studio Version 17
VisualStudioVersion = 17.7.34221.43
MinimumVisualStudioVersion = 10.0.40219.1
Project("{FAE04EC0-301F-11D3-BF4B-00C04F79EFBC}") = "Employee_Management_System", "Employee_Management_System\Employee_Management_System.csproj", "{EB572646-21C9-4EAD-8A27-071F940AAE5F}"
EndProject
Global
	GlobalSection(SolutionConfigurationPlatforms) = preSolution
		Debug|Any CPU = Debug|Any CPU
		Release|Any CPU = Release|Any CPU
	EndGlobalSection
	GlobalSection(ProjectConfigurationPlatforms) = postSolution
		{EB572646-21C9-4EAD-8A27-071F940AAE5F}.Debug|Any CPU.ActiveCfg = Debug|Any CPU
		{EB572646-21C9-4EAD-8A27-071F940AAE5F}.Debug|Any CPU.Build.0 = Debug|Any CPU
		{EB572646-21C9-4EAD-8A27-071F940AAE5F}.Release|Any CPU.ActiveCfg = Release|Any CPU
		{EB572646-21C9-4EAD-8A27-071F940AAE5F}.Release|Any CPU.Build.0 = Release|Any CPU
	EndGlobalSection
	GlobalSection(SolutionProperties) = preSolution
		HideSolutionNode = FALSE
	EndGlobalSection
	GlobalSection(ExtensibilityGlobals) = postSolution
		SolutionGuid = {B10FDA29-3B6F-44F4-B171-DF32DD0E1C4E}
	EndGlobalSection
EndGlobal
